
Microsoft Visual Studio Solution File, Format Version 12.00
# Visual Studio Version 17
VisualStudioVersion = 17.1.32210.238
MinimumVisualStudioVersion = 10.0.40219.1
Project("{FAE04EC0-301F-11D3-BF4B-00C04F79EFBC}") = "PruebaTecnicaJSC", "PruebaTecnicaJSC\PruebaTecnicaJSC.csproj", "{047EFAC9-8F65-4B08-BEBC-66BEA28EAD6D}"
EndProject
Global
	GlobalSection(SolutionConfigurationPlatforms) = preSolution
		Debug|Any CPU = Debug|Any CPU
		Release|Any CPU = Release|Any CPU
	EndGlobalSection
	GlobalSection(ProjectConfigurationPlatforms) = postSolution
		{047EFAC9-8F65-4B08-BEBC-66BEA28EAD6D}.Debug|Any CPU.ActiveCfg = Debug|Any CPU
		{047EFAC9-8F65-4B08-BEBC-66BEA28EAD6D}.Debug|Any CPU.Build.0 = Debug|Any CPU
		{047EFAC9-8F65-4B08-BEBC-66BEA28EAD6D}.Release|Any CPU.ActiveCfg = Release|Any CPU
		{047EFAC9-8F65-4B08-BEBC-66BEA28EAD6D}.Release|Any CPU.Build.0 = Release|Any CPU
	EndGlobalSection
	GlobalSection(SolutionProperties) = preSolution
		HideSolutionNode = FALSE
	EndGlobalSection
	GlobalSection(ExtensibilityGlobals) = postSolution
		SolutionGuid = {2C1659FB-5CB1-4A66-BE4B-FAB96C0E0BA6}
	EndGlobalSection
EndGlobal
